
Microsoft Visual Studio Solution File, Format Version 12.00
# Visual Studio 2012
Project("{FAE04EC0-301F-11D3-BF4B-00C04F79EFBC}") = "NotesManager1", "NotesManager1\NotesManager1.csproj", "{930FBF44-B2BA-4CBD-8F27-DD8205C5615D}"
EndProject
Global
	GlobalSection(SolutionConfigurationPlatforms) = preSolution
		Debug|Any CPU = Debug|Any CPU
		Release|Any CPU = Release|Any CPU
	EndGlobalSection
	GlobalSection(ProjectConfigurationPlatforms) = postSolution
		{930FBF44-B2BA-4CBD-8F27-DD8205C5615D}.Debug|Any CPU.ActiveCfg = Debug|Any CPU
		{930FBF44-B2BA-4CBD-8F27-DD8205C5615D}.Debug|Any CPU.Build.0 = Debug|Any CPU
		{930FBF44-B2BA-4CBD-8F27-DD8205C5615D}.Release|Any CPU.ActiveCfg = Release|Any CPU
		{930FBF44-B2BA-4CBD-8F27-DD8205C5615D}.Release|Any CPU.Build.0 = Release|Any CPU
	EndGlobalSection
	GlobalSection(SolutionProperties) = preSolution
		HideSolutionNode = FALSE
	EndGlobalSection
EndGlobal
